
Microsoft Visual Studio Solution File, Format Version 12.00
# Visual Studio Version 16
VisualStudioVersion = 16.0.30128.74
MinimumVisualStudioVersion = 10.0.40219.1
Project("{FAE04EC0-301F-11D3-BF4B-00C04F79EFBC}") = "TextreaderAPI", "TextreaderAPI\TextreaderAPI.csproj", "{59A79A14-9BF7-4FD6-BF12-9902071D25F7}"
EndProject
Global
	GlobalSection(SolutionConfigurationPlatforms) = preSolution
		Debug|Any CPU = Debug|Any CPU
		Release|Any CPU = Release|Any CPU
	EndGlobalSection
	GlobalSection(ProjectConfigurationPlatforms) = postSolution
		{59A79A14-9BF7-4FD6-BF12-9902071D25F7}.Debug|Any CPU.ActiveCfg = Debug|Any CPU
		{59A79A14-9BF7-4FD6-BF12-9902071D25F7}.Debug|Any CPU.Build.0 = Debug|Any CPU
		{59A79A14-9BF7-4FD6-BF12-9902071D25F7}.Release|Any CPU.ActiveCfg = Release|Any CPU
		{59A79A14-9BF7-4FD6-BF12-9902071D25F7}.Release|Any CPU.Build.0 = Release|Any CPU
	EndGlobalSection
	GlobalSection(SolutionProperties) = preSolution
		HideSolutionNode = FALSE
	EndGlobalSection
	GlobalSection(ExtensibilityGlobals) = postSolution
		SolutionGuid = {D94662BD-899C-4AEC-96CC-A18CB9858ABF}
	EndGlobalSection
EndGlobal
